
Microsoft Visual Studio Solution File, Format Version 12.00
# Visual Studio Version 17
VisualStudioVersion = 17.0.32112.339
MinimumVisualStudioVersion = 10.0.40219.1
Project("{8BC9CEB8-8B4A-11D0-8D11-00A0C91BC942}") = "libfwk", "libfwk.vcxproj", "{D58F34BE-FFCB-485F-9294-460EA261D0ED}"
EndProject
Project("{8BC9CEB8-8B4A-11D0-8D11-00A0C91BC942}") = "model_convert", "model_convert.vcxproj", "{7AEE1787-0DB4-4143-9F2C-29C17BC47BC5}"
	ProjectSection(ProjectDependencies) = postProject
		{D58F34BE-FFCB-485F-9294-460EA261D0ED} = {D58F34BE-FFCB-485F-9294-460EA261D0ED}
	EndProjectSection
EndProject
Project("{8BC9CEB8-8B4A-11D0-8D11-00A0C91BC942}") = "model_viewer", "model_viewer.vcxproj", "{85ED7262-0CA9-4D2C-ABEF-9F847C5247EA}"
	ProjectSection(ProjectDependencies) = postProject
		{D58F34BE-FFCB-485F-9294-460EA261D0ED} = {D58F34BE-FFCB-485F-9294-460EA261D0ED}
	EndProjectSection
EndProject
Project("{8BC9CEB8-8B4A-11D0-8D11-00A0C91BC942}") = "test_window", "test_window.vcxproj", "{8B9F7C8D-AFB6-4717-83C7-CDFA32AB12DA}"
EndProject
Global
	GlobalSection(SolutionConfigurationPlatforms) = preSolution
		Debug|x64 = Debug|x64
		Release|x64 = Release|x64
	EndGlobalSection
	GlobalSection(ProjectConfigurationPlatforms) = postSolution
		{D58F34BE-FFCB-485F-9294-460EA261D0ED}.Debug|x64.ActiveCfg = Debug|x64
		{D58F34BE-FFCB-485F-9294-460EA261D0ED}.Debug|x64.Build.0 = Debug|x64
		{D58F34BE-FFCB-485F-9294-460EA261D0ED}.Release|x64.ActiveCfg = Release|x64
		{D58F34BE-FFCB-485F-9294-460EA261D0ED}.Release|x64.Build.0 = Release|x64
		{7AEE1787-0DB4-4143-9F2C-29C17BC47BC5}.Debug|x64.ActiveCfg = Debug|x64
		{7AEE1787-0DB4-4143-9F2C-29C17BC47BC5}.Debug|x64.Build.0 = Debug|x64
		{7AEE1787-0DB4-4143-9F2C-29C17BC47BC5}.Release|x64.ActiveCfg = Release|x64
		{7AEE1787-0DB4-4143-9F2C-29C17BC47BC5}.Release|x64.Build.0 = Release|x64
		{85ED7262-0CA9-4D2C-ABEF-9F847C5247EA}.Debug|x64.ActiveCfg = Debug|x64
		{85ED7262-0CA9-4D2C-ABEF-9F847C5247EA}.Debug|x64.Build.0 = Debug|x64
		{85ED7262-0CA9-4D2C-ABEF-9F847C5247EA}.Release|x64.ActiveCfg = Release|x64
		{85ED7262-0CA9-4D2C-ABEF-9F847C5247EA}.Release|x64.Build.0 = Release|x64
		{8B9F7C8D-AFB6-4717-83C7-CDFA32AB12DA}.Debug|x64.ActiveCfg = Debug|x64
		{8B9F7C8D-AFB6-4717-83C7-CDFA32AB12DA}.Debug|x64.Build.0 = Debug|x64
		{8B9F7C8D-AFB6-4717-83C7-CDFA32AB12DA}.Release|x64.ActiveCfg = Release|x64
		{8B9F7C8D-AFB6-4717-83C7-CDFA32AB12DA}.Release|x64.Build.0 = Release|x64
	EndGlobalSection
	GlobalSection(SolutionProperties) = preSolution
		HideSolutionNode = FALSE
	EndGlobalSection
	GlobalSection(ExtensibilityGlobals) = postSolution
		SolutionGuid = {AB80CEB6-B3A0-4006-BE1F-FB9753E8F076}
	EndGlobalSection
EndGlobal
